
Microsoft Visual Studio Solution File, Format Version 12.00
Project("{FAE04EC0-301F-11D3-BF4B-00C04F79EFBC}") = "Graph", "Graph\Graph.csproj", "{C33A064D-FC3E-4A0C-8DFF-85B5C13F7DEE}"
EndProject
Project("{FAE04EC0-301F-11D3-BF4B-00C04F79EFBC}") = "GraphExtension", "GraphExtension\GraphExtension.csproj", "{A7689383-2740-41E2-88F5-845538441836}"
EndProject
Global
	GlobalSection(SolutionConfigurationPlatforms) = preSolution
		Debug|Any CPU = Debug|Any CPU
		Release|Any CPU = Release|Any CPU
	EndGlobalSection
	GlobalSection(ProjectConfigurationPlatforms) = postSolution
		{C33A064D-FC3E-4A0C-8DFF-85B5C13F7DEE}.Debug|Any CPU.ActiveCfg = Debug|Any CPU
		{C33A064D-FC3E-4A0C-8DFF-85B5C13F7DEE}.Debug|Any CPU.Build.0 = Debug|Any CPU
		{C33A064D-FC3E-4A0C-8DFF-85B5C13F7DEE}.Release|Any CPU.ActiveCfg = Release|Any CPU
		{C33A064D-FC3E-4A0C-8DFF-85B5C13F7DEE}.Release|Any CPU.Build.0 = Release|Any CPU
		{A7689383-2740-41E2-88F5-845538441836}.Debug|Any CPU.ActiveCfg = Debug|Any CPU
		{A7689383-2740-41E2-88F5-845538441836}.Debug|Any CPU.Build.0 = Debug|Any CPU
		{A7689383-2740-41E2-88F5-845538441836}.Release|Any CPU.ActiveCfg = Release|Any CPU
		{A7689383-2740-41E2-88F5-845538441836}.Release|Any CPU.Build.0 = Release|Any CPU
	EndGlobalSection
EndGlobal
